
Microsoft Visual Studio Solution File, Format Version 12.00
# Visual Studio Version 17
VisualStudioVersion = 17.6.33829.357
MinimumVisualStudioVersion = 10.0.40219.1
Project("{FAE04EC0-301F-11D3-BF4B-00C04F79EFBC}") = "ToDoApp.BlazorWSM", "ToDoApp.BlazorWSM\ToDoApp.BlazorWSM.csproj", "{522A4D00-B885-470C-8D7C-25F5675AC177}"
EndProject
Global
	GlobalSection(SolutionConfigurationPlatforms) = preSolution
		Debug|Any CPU = Debug|Any CPU
		Release|Any CPU = Release|Any CPU
	EndGlobalSection
	GlobalSection(ProjectConfigurationPlatforms) = postSolution
		{522A4D00-B885-470C-8D7C-25F5675AC177}.Debug|Any CPU.ActiveCfg = Debug|Any CPU
		{522A4D00-B885-470C-8D7C-25F5675AC177}.Debug|Any CPU.Build.0 = Debug|Any CPU
		{522A4D00-B885-470C-8D7C-25F5675AC177}.Release|Any CPU.ActiveCfg = Release|Any CPU
		{522A4D00-B885-470C-8D7C-25F5675AC177}.Release|Any CPU.Build.0 = Release|Any CPU
	EndGlobalSection
	GlobalSection(SolutionProperties) = preSolution
		HideSolutionNode = FALSE
	EndGlobalSection
	GlobalSection(ExtensibilityGlobals) = postSolution
		SolutionGuid = {A58BB67F-55CE-4E7F-910C-2D0DB99C510F}
	EndGlobalSection
EndGlobal
